
Microsoft Visual Studio Solution File, Format Version 12.00
# Visual Studio Version 16
VisualStudioVersion = 16.0.29806.167
MinimumVisualStudioVersion = 10.0.40219.1
Project("{9A19103F-16F7-4668-BE54-9A1E7A4F7556}") = "FWTL.Core", "FWTL.Core\FWTL.Core.csproj", "{4DB4C990-87C5-4AD5-B299-E75FDCD62334}"
EndProject
Project("{9A19103F-16F7-4668-BE54-9A1E7A4F7556}") = "FWTL.Common", "FWTL.Common\FWTL.Common.csproj", "{C3049872-E093-43F2-99FF-28834CAC2C2C}"
EndProject
Project("{2150E333-8FDC-42A3-9474-1A3956D46DE8}") = "App", "App", "{0C802A08-F7D1-4632-86F7-DEEA7E6FF191}"
EndProject
Project("{9A19103F-16F7-4668-BE54-9A1E7A4F7556}") = "FWTL.TelegramClient", "FWTL.ServerClient\FWTL.TelegramClient.csproj", "{5FE65D24-8767-4923-A9A3-D879C49AE6C1}"
EndProject
Project("{9A19103F-16F7-4668-BE54-9A1E7A4F7556}") = "FWTL.RabbitMq", "FWTL.RabbitMq\FWTL.RabbitMq.csproj", "{F5227FFD-2E65-45B3-97F6-FBD78A6A608A}"
EndProject
Project("{9A19103F-16F7-4668-BE54-9A1E7A4F7556}") = "FWTL.Common.Net", "FWTL.Common.Net\FWTL.Common.Net.csproj", "{A18D23F7-C43F-4045-8C9D-B911157B709A}"
EndProject
Project("{9A19103F-16F7-4668-BE54-9A1E7A4F7556}") = "FWTL.Events", "FWTL.Events\FWTL.Events.csproj", "{8E4DC594-49B5-47B0-9B87-3F5FA6D46BB5}"
EndProject
Project("{9A19103F-16F7-4668-BE54-9A1E7A4F7556}") = "FWTL.Management", "FWTL.Management\FWTL.Management.csproj", "{CE8C975D-99CC-4318-925C-8CB131B08A22}"
EndProject
Project("{9A19103F-16F7-4668-BE54-9A1E7A4F7556}") = "FWTL.Domain", "FWTL.Domain\FWTL.Domain.csproj", "{46E75347-4898-4B94-8B3D-2A6339F65C8A}"
EndProject
Project("{9A19103F-16F7-4668-BE54-9A1E7A4F7556}") = "FWTL.EventStore", "FWTL.EventStore\FWTL.EventStore.csproj", "{53B0DF6E-6D93-4B07-B7F7-90110BC7ACE5}"
EndProject
Project("{00D1A9C2-B5F0-4AF3-8072-F6C62B433612}") = "FWTL.Database.Sql", "FWTL.Database\FWTL.Database.Sql.sqlproj", "{9C61A24B-AC8D-4395-8AC1-2145BDC3F9FB}"
EndProject
Project("{FAE04EC0-301F-11D3-BF4B-00C04F79EFBC}") = "FWTL.Database.Migrator", "FWTL.Database.Migrator\FWTL.Database.Migrator.csproj", "{AA8CA822-6B35-42AB-82AC-9113DE8E4AA1}"
EndProject
Project("{FAE04EC0-301F-11D3-BF4B-00C04F79EFBC}") = "FWTL.Database.Access", "FWTL.Database.Access\FWTL.Database.Access.csproj", "{9B866C52-98BD-46F7-B902-34FB25C114AB}"
EndProject
Global
	GlobalSection(SolutionConfigurationPlatforms) = preSolution
		Debug|Any CPU = Debug|Any CPU
		Release|Any CPU = Release|Any CPU
	EndGlobalSection
	GlobalSection(ProjectConfigurationPlatforms) = postSolution
		{4DB4C990-87C5-4AD5-B299-E75FDCD62334}.Debug|Any CPU.ActiveCfg = Debug|Any CPU
		{4DB4C990-87C5-4AD5-B299-E75FDCD62334}.Debug|Any CPU.Build.0 = Debug|Any CPU
		{4DB4C990-87C5-4AD5-B299-E75FDCD62334}.Release|Any CPU.ActiveCfg = Release|Any CPU
		{4DB4C990-87C5-4AD5-B299-E75FDCD62334}.Release|Any CPU.Build.0 = Release|Any CPU
		{C3049872-E093-43F2-99FF-28834CAC2C2C}.Debug|Any CPU.ActiveCfg = Debug|Any CPU
		{C3049872-E093-43F2-99FF-28834CAC2C2C}.Debug|Any CPU.Build.0 = Debug|Any CPU
		{C3049872-E093-43F2-99FF-28834CAC2C2C}.Release|Any CPU.ActiveCfg = Release|Any CPU
		{C3049872-E093-43F2-99FF-28834CAC2C2C}.Release|Any CPU.Build.0 = Release|Any CPU
		{5FE65D24-8767-4923-A9A3-D879C49AE6C1}.Debug|Any CPU.ActiveCfg = Debug|Any CPU
		{5FE65D24-8767-4923-A9A3-D879C49AE6C1}.Debug|Any CPU.Build.0 = Debug|Any CPU
		{5FE65D24-8767-4923-A9A3-D879C49AE6C1}.Release|Any CPU.ActiveCfg = Release|Any CPU
		{5FE65D24-8767-4923-A9A3-D879C49AE6C1}.Release|Any CPU.Build.0 = Release|Any CPU
		{F5227FFD-2E65-45B3-97F6-FBD78A6A608A}.Debug|Any CPU.ActiveCfg = Debug|Any CPU
		{F5227FFD-2E65-45B3-97F6-FBD78A6A608A}.Debug|Any CPU.Build.0 = Debug|Any CPU
		{F5227FFD-2E65-45B3-97F6-FBD78A6A608A}.Release|Any CPU.ActiveCfg = Release|Any CPU
		{F5227FFD-2E65-45B3-97F6-FBD78A6A608A}.Release|Any CPU.Build.0 = Release|Any CPU
		{A18D23F7-C43F-4045-8C9D-B911157B709A}.Debug|Any CPU.ActiveCfg = Debug|Any CPU
		{A18D23F7-C43F-4045-8C9D-B911157B709A}.Debug|Any CPU.Build.0 = Debug|Any CPU
		{A18D23F7-C43F-4045-8C9D-B911157B709A}.Release|Any CPU.ActiveCfg = Release|Any CPU
		{A18D23F7-C43F-4045-8C9D-B911157B709A}.Release|Any CPU.Build.0 = Release|Any CPU
		{8E4DC594-49B5-47B0-9B87-3F5FA6D46BB5}.Debug|Any CPU.ActiveCfg = Debug|Any CPU
		{8E4DC594-49B5-47B0-9B87-3F5FA6D46BB5}.Debug|Any CPU.Build.0 = Debug|Any CPU
		{8E4DC594-49B5-47B0-9B87-3F5FA6D46BB5}.Release|Any CPU.ActiveCfg = Release|Any CPU
		{8E4DC594-49B5-47B0-9B87-3F5FA6D46BB5}.Release|Any CPU.Build.0 = Release|Any CPU
		{CE8C975D-99CC-4318-925C-8CB131B08A22}.Debug|Any CPU.ActiveCfg = Debug|Any CPU
		{CE8C975D-99CC-4318-925C-8CB131B08A22}.Debug|Any CPU.Build.0 = Debug|Any CPU
		{CE8C975D-99CC-4318-925C-8CB131B08A22}.Release|Any CPU.ActiveCfg = Release|Any CPU
		{CE8C975D-99CC-4318-925C-8CB131B08A22}.Release|Any CPU.Build.0 = Release|Any CPU
		{46E75347-4898-4B94-8B3D-2A6339F65C8A}.Debug|Any CPU.ActiveCfg = Debug|Any CPU
		{46E75347-4898-4B94-8B3D-2A6339F65C8A}.Debug|Any CPU.Build.0 = Debug|Any CPU
		{46E75347-4898-4B94-8B3D-2A6339F65C8A}.Release|Any CPU.ActiveCfg = Release|Any CPU
		{46E75347-4898-4B94-8B3D-2A6339F65C8A}.Release|Any CPU.Build.0 = Release|Any CPU
		{53B0DF6E-6D93-4B07-B7F7-90110BC7ACE5}.Debug|Any CPU.ActiveCfg = Debug|Any CPU
		{53B0DF6E-6D93-4B07-B7F7-90110BC7ACE5}.Debug|Any CPU.Build.0 = Debug|Any CPU
		{53B0DF6E-6D93-4B07-B7F7-90110BC7ACE5}.Release|Any CPU.ActiveCfg = Release|Any CPU
		{53B0DF6E-6D93-4B07-B7F7-90110BC7ACE5}.Release|Any CPU.Build.0 = Release|Any CPU
		{9C61A24B-AC8D-4395-8AC1-2145BDC3F9FB}.Debug|Any CPU.ActiveCfg = Debug|Any CPU
		{9C61A24B-AC8D-4395-8AC1-2145BDC3F9FB}.Debug|Any CPU.Build.0 = Debug|Any CPU
		{9C61A24B-AC8D-4395-8AC1-2145BDC3F9FB}.Debug|Any CPU.Deploy.0 = Debug|Any CPU
		{9C61A24B-AC8D-4395-8AC1-2145BDC3F9FB}.Release|Any CPU.ActiveCfg = Release|Any CPU
		{9C61A24B-AC8D-4395-8AC1-2145BDC3F9FB}.Release|Any CPU.Build.0 = Release|Any CPU
		{9C61A24B-AC8D-4395-8AC1-2145BDC3F9FB}.Release|Any CPU.Deploy.0 = Release|Any CPU
		{AA8CA822-6B35-42AB-82AC-9113DE8E4AA1}.Debug|Any CPU.ActiveCfg = Debug|Any CPU
		{AA8CA822-6B35-42AB-82AC-9113DE8E4AA1}.Debug|Any CPU.Build.0 = Debug|Any CPU
		{AA8CA822-6B35-42AB-82AC-9113DE8E4AA1}.Release|Any CPU.ActiveCfg = Release|Any CPU
		{AA8CA822-6B35-42AB-82AC-9113DE8E4AA1}.Release|Any CPU.Build.0 = Release|Any CPU
		{9B866C52-98BD-46F7-B902-34FB25C114AB}.Debug|Any CPU.ActiveCfg = Debug|Any CPU
		{9B866C52-98BD-46F7-B902-34FB25C114AB}.Debug|Any CPU.Build.0 = Debug|Any CPU
		{9B866C52-98BD-46F7-B902-34FB25C114AB}.Release|Any CPU.ActiveCfg = Release|Any CPU
		{9B866C52-98BD-46F7-B902-34FB25C114AB}.Release|Any CPU.Build.0 = Release|Any CPU
	EndGlobalSection
	GlobalSection(SolutionProperties) = preSolution
		HideSolutionNode = FALSE
	EndGlobalSection
	GlobalSection(NestedProjects) = preSolution
		{CE8C975D-99CC-4318-925C-8CB131B08A22} = {0C802A08-F7D1-4632-86F7-DEEA7E6FF191}
	EndGlobalSection
	GlobalSection(ExtensibilityGlobals) = postSolution
		SolutionGuid = {8A5B21B2-A3F3-412A-9686-D3BF49C242F1}
	EndGlobalSection
EndGlobal
