
Microsoft Visual Studio Solution File, Format Version 12.00
# Visual Studio Version 16
VisualStudioVersion = 16.0.29806.167
MinimumVisualStudioVersion = 10.0.40219.1
Project("{9A19103F-16F7-4668-BE54-9A1E7A4F7556}") = "FWTL.Core", "FWTL.Core\FWTL.Core.csproj", "{4DB4C990-87C5-4AD5-B299-E75FDCD62334}"
EndProject
Project("{9A19103F-16F7-4668-BE54-9A1E7A4F7556}") = "FWTL.Common", "FWTL.Common\FWTL.Common.csproj", "{C3049872-E093-43F2-99FF-28834CAC2C2C}"
EndProject
Project("{2150E333-8FDC-42A3-9474-1A3956D46DE8}") = "App", "App", "{0C802A08-F7D1-4632-86F7-DEEA7E6FF191}"
EndProject
Project("{9A19103F-16F7-4668-BE54-9A1E7A4F7556}") = "FWTL.RabbitMq", "FWTL.RabbitMq\FWTL.RabbitMq.csproj", "{F5227FFD-2E65-45B3-97F6-FBD78A6A608A}"
EndProject
Project("{9A19103F-16F7-4668-BE54-9A1E7A4F7556}") = "FWTL.Management", "FWTL.Management\FWTL.Management.csproj", "{CE8C975D-99CC-4318-925C-8CB131B08A22}"
EndProject
Project("{9A19103F-16F7-4668-BE54-9A1E7A4F7556}") = "FWTL.Domain", "FWTL.Domain\FWTL.Domain.csproj", "{46E75347-4898-4B94-8B3D-2A6339F65C8A}"
EndProject
Project("{9A19103F-16F7-4668-BE54-9A1E7A4F7556}") = "FWTL.EventStore", "FWTL.EventStore\FWTL.EventStore.csproj", "{53B0DF6E-6D93-4B07-B7F7-90110BC7ACE5}"
EndProject
Project("{00D1A9C2-B5F0-4AF3-8072-F6C62B433612}") = "FWTL.Database.Sql", "FWTL.Database\FWTL.Database.Sql.sqlproj", "{9C61A24B-AC8D-4395-8AC1-2145BDC3F9FB}"
EndProject
Project("{9A19103F-16F7-4668-BE54-9A1E7A4F7556}") = "FWTL.Database.Migrator", "FWTL.Database.Migrator\FWTL.Database.Migrator.csproj", "{AA8CA822-6B35-42AB-82AC-9113DE8E4AA1}"
EndProject
Project("{9A19103F-16F7-4668-BE54-9A1E7A4F7556}") = "FWTL.Database.Access", "FWTL.Database.Access\FWTL.Database.Access.csproj", "{9B866C52-98BD-46F7-B902-34FB25C114AB}"
EndProject
Project("{9A19103F-16F7-4668-BE54-9A1E7A4F7556}") = "FWTL.TelegramClient", "FWTL.TelegramClient\FWTL.TelegramClient.csproj", "{C713E8FC-21A5-4134-B715-2B5BD2FC73EC}"
EndProject
Project("{2150E333-8FDC-42A3-9474-1A3956D46DE8}") = "Database", "Database", "{30168C46-C16F-4F63-A44D-FAE16817B377}"
EndProject
Project("{9A19103F-16F7-4668-BE54-9A1E7A4F7556}") = "FWTL.Redis", "FWTL.Redis\FWTL.Redis.csproj", "{9075BBC4-D181-4057-866A-2C6800545765}"
EndProject
Project("{9A19103F-16F7-4668-BE54-9A1E7A4F7556}") = "FWTL.Common.Services", "FWTL.Common.Services\FWTL.Common.Services.csproj", "{33469DAC-426F-4AE8-8C15-4A3956C28D62}"
EndProject
Project("{9A19103F-16F7-4668-BE54-9A1E7A4F7556}") = "FWTL.Common.Cqrs", "FWTL.Common.Cqrs\FWTL.Common.Cqrs.csproj", "{3705F216-AC4A-4DF4-96CF-4398BDDE5D5F}"
EndProject
Project("{9A19103F-16F7-4668-BE54-9A1E7A4F7556}") = "FWTL.Common.Setup", "FWTL.Common.Setup\FWTL.Common.Setup.csproj", "{C110115C-7C20-476E-AE23-A905F24A1988}"
EndProject
Project("{9A19103F-16F7-4668-BE54-9A1E7A4F7556}") = "FWTL.CurrentUser", "FWTL.CurrentUser\FWTL.CurrentUser.csproj", "{E5CC4F8E-7E2A-4FBC-AAED-D88A5ED83ACC}"
EndProject
Project("{2150E333-8FDC-42A3-9474-1A3956D46DE8}") = "Infrastructure", "Infrastructure", "{5FD83EB2-55BB-47AB-85E0-A4E58FF79C3C}"
EndProject
Project("{9A19103F-16F7-4668-BE54-9A1E7A4F7556}") = "FWTL.TimeZones", "FWTL.TimeZones\FWTL.TimeZones.csproj", "{46627FA0-5D97-4AED-BCAD-B47C4F6C262B}"
EndProject
Project("{2150E333-8FDC-42A3-9474-1A3956D46DE8}") = "Common", "Common", "{E0E66CCD-D92C-4686-A177-42A2D4BB4F95}"
EndProject
Project("{9A19103F-16F7-4668-BE54-9A1E7A4F7556}") = "FWTL.MockTelegramClient", "FWTL.MockTelegramClient\FWTL.MockTelegramClient.csproj", "{EFD5F475-4220-4688-ADDD-EBD3F4DD0E94}"
EndProject
Project("{9A19103F-16F7-4668-BE54-9A1E7A4F7556}") = "FWTL.Swagger", "FWTL.Swagger\FWTL.Swagger.csproj", "{FFBB6C16-8BBC-4B52-A555-ADB728C9AD33}"
EndProject
Project("{9A19103F-16F7-4668-BE54-9A1E7A4F7556}") = "FWTL.Serilog", "FWTL.Serilog\FWTL.Serilog.csproj", "{B3393BA0-F166-47C9-A40D-B554B174285F}"
EndProject
Project("{9A19103F-16F7-4668-BE54-9A1E7A4F7556}") = "FWTL.Hangfire", "FWTL.Hangfire\FWTL.Hangfire.csproj", "{DABD0C60-E061-4A2A-9E29-952683297F98}"
EndProject
Project("{9A19103F-16F7-4668-BE54-9A1E7A4F7556}") = "FWTL.Powershell", "FWTL.Powershell\FWTL.Powershell.csproj", "{B3F3AB9F-F00A-4DE0-900A-7F84331886EB}"
EndProject
Project("{2150E333-8FDC-42A3-9474-1A3956D46DE8}") = "Scripts", "Scripts", "{3AB13C3F-4454-4F52-BC86-045177814FDD}"
EndProject
Global
	GlobalSection(SolutionConfigurationPlatforms) = preSolution
		Debug|Any CPU = Debug|Any CPU
		Release|Any CPU = Release|Any CPU
	EndGlobalSection
	GlobalSection(ProjectConfigurationPlatforms) = postSolution
		{4DB4C990-87C5-4AD5-B299-E75FDCD62334}.Debug|Any CPU.ActiveCfg = Debug|Any CPU
		{4DB4C990-87C5-4AD5-B299-E75FDCD62334}.Debug|Any CPU.Build.0 = Debug|Any CPU
		{4DB4C990-87C5-4AD5-B299-E75FDCD62334}.Release|Any CPU.ActiveCfg = Release|Any CPU
		{4DB4C990-87C5-4AD5-B299-E75FDCD62334}.Release|Any CPU.Build.0 = Release|Any CPU
		{C3049872-E093-43F2-99FF-28834CAC2C2C}.Debug|Any CPU.ActiveCfg = Debug|Any CPU
		{C3049872-E093-43F2-99FF-28834CAC2C2C}.Debug|Any CPU.Build.0 = Debug|Any CPU
		{C3049872-E093-43F2-99FF-28834CAC2C2C}.Release|Any CPU.ActiveCfg = Release|Any CPU
		{C3049872-E093-43F2-99FF-28834CAC2C2C}.Release|Any CPU.Build.0 = Release|Any CPU
		{F5227FFD-2E65-45B3-97F6-FBD78A6A608A}.Debug|Any CPU.ActiveCfg = Debug|Any CPU
		{F5227FFD-2E65-45B3-97F6-FBD78A6A608A}.Debug|Any CPU.Build.0 = Debug|Any CPU
		{F5227FFD-2E65-45B3-97F6-FBD78A6A608A}.Release|Any CPU.ActiveCfg = Release|Any CPU
		{F5227FFD-2E65-45B3-97F6-FBD78A6A608A}.Release|Any CPU.Build.0 = Release|Any CPU
		{CE8C975D-99CC-4318-925C-8CB131B08A22}.Debug|Any CPU.ActiveCfg = Debug|Any CPU
		{CE8C975D-99CC-4318-925C-8CB131B08A22}.Debug|Any CPU.Build.0 = Debug|Any CPU
		{CE8C975D-99CC-4318-925C-8CB131B08A22}.Release|Any CPU.ActiveCfg = Release|Any CPU
		{CE8C975D-99CC-4318-925C-8CB131B08A22}.Release|Any CPU.Build.0 = Release|Any CPU
		{46E75347-4898-4B94-8B3D-2A6339F65C8A}.Debug|Any CPU.ActiveCfg = Debug|Any CPU
		{46E75347-4898-4B94-8B3D-2A6339F65C8A}.Debug|Any CPU.Build.0 = Debug|Any CPU
		{46E75347-4898-4B94-8B3D-2A6339F65C8A}.Release|Any CPU.ActiveCfg = Release|Any CPU
		{46E75347-4898-4B94-8B3D-2A6339F65C8A}.Release|Any CPU.Build.0 = Release|Any CPU
		{53B0DF6E-6D93-4B07-B7F7-90110BC7ACE5}.Debug|Any CPU.ActiveCfg = Debug|Any CPU
		{53B0DF6E-6D93-4B07-B7F7-90110BC7ACE5}.Debug|Any CPU.Build.0 = Debug|Any CPU
		{53B0DF6E-6D93-4B07-B7F7-90110BC7ACE5}.Release|Any CPU.ActiveCfg = Release|Any CPU
		{53B0DF6E-6D93-4B07-B7F7-90110BC7ACE5}.Release|Any CPU.Build.0 = Release|Any CPU
		{9C61A24B-AC8D-4395-8AC1-2145BDC3F9FB}.Debug|Any CPU.ActiveCfg = Debug|Any CPU
		{9C61A24B-AC8D-4395-8AC1-2145BDC3F9FB}.Debug|Any CPU.Build.0 = Debug|Any CPU
		{9C61A24B-AC8D-4395-8AC1-2145BDC3F9FB}.Debug|Any CPU.Deploy.0 = Debug|Any CPU
		{9C61A24B-AC8D-4395-8AC1-2145BDC3F9FB}.Release|Any CPU.ActiveCfg = Release|Any CPU
		{9C61A24B-AC8D-4395-8AC1-2145BDC3F9FB}.Release|Any CPU.Build.0 = Release|Any CPU
		{9C61A24B-AC8D-4395-8AC1-2145BDC3F9FB}.Release|Any CPU.Deploy.0 = Release|Any CPU
		{AA8CA822-6B35-42AB-82AC-9113DE8E4AA1}.Debug|Any CPU.ActiveCfg = Debug|Any CPU
		{AA8CA822-6B35-42AB-82AC-9113DE8E4AA1}.Debug|Any CPU.Build.0 = Debug|Any CPU
		{AA8CA822-6B35-42AB-82AC-9113DE8E4AA1}.Release|Any CPU.ActiveCfg = Release|Any CPU
		{AA8CA822-6B35-42AB-82AC-9113DE8E4AA1}.Release|Any CPU.Build.0 = Release|Any CPU
		{9B866C52-98BD-46F7-B902-34FB25C114AB}.Debug|Any CPU.ActiveCfg = Debug|Any CPU
		{9B866C52-98BD-46F7-B902-34FB25C114AB}.Debug|Any CPU.Build.0 = Debug|Any CPU
		{9B866C52-98BD-46F7-B902-34FB25C114AB}.Release|Any CPU.ActiveCfg = Release|Any CPU
		{9B866C52-98BD-46F7-B902-34FB25C114AB}.Release|Any CPU.Build.0 = Release|Any CPU
		{C713E8FC-21A5-4134-B715-2B5BD2FC73EC}.Debug|Any CPU.ActiveCfg = Debug|Any CPU
		{C713E8FC-21A5-4134-B715-2B5BD2FC73EC}.Debug|Any CPU.Build.0 = Debug|Any CPU
		{C713E8FC-21A5-4134-B715-2B5BD2FC73EC}.Release|Any CPU.ActiveCfg = Release|Any CPU
		{C713E8FC-21A5-4134-B715-2B5BD2FC73EC}.Release|Any CPU.Build.0 = Release|Any CPU
		{9075BBC4-D181-4057-866A-2C6800545765}.Debug|Any CPU.ActiveCfg = Debug|Any CPU
		{9075BBC4-D181-4057-866A-2C6800545765}.Debug|Any CPU.Build.0 = Debug|Any CPU
		{9075BBC4-D181-4057-866A-2C6800545765}.Release|Any CPU.ActiveCfg = Release|Any CPU
		{9075BBC4-D181-4057-866A-2C6800545765}.Release|Any CPU.Build.0 = Release|Any CPU
		{33469DAC-426F-4AE8-8C15-4A3956C28D62}.Debug|Any CPU.ActiveCfg = Debug|Any CPU
		{33469DAC-426F-4AE8-8C15-4A3956C28D62}.Debug|Any CPU.Build.0 = Debug|Any CPU
		{33469DAC-426F-4AE8-8C15-4A3956C28D62}.Release|Any CPU.ActiveCfg = Release|Any CPU
		{33469DAC-426F-4AE8-8C15-4A3956C28D62}.Release|Any CPU.Build.0 = Release|Any CPU
		{3705F216-AC4A-4DF4-96CF-4398BDDE5D5F}.Debug|Any CPU.ActiveCfg = Debug|Any CPU
		{3705F216-AC4A-4DF4-96CF-4398BDDE5D5F}.Debug|Any CPU.Build.0 = Debug|Any CPU
		{3705F216-AC4A-4DF4-96CF-4398BDDE5D5F}.Release|Any CPU.ActiveCfg = Release|Any CPU
		{3705F216-AC4A-4DF4-96CF-4398BDDE5D5F}.Release|Any CPU.Build.0 = Release|Any CPU
		{C110115C-7C20-476E-AE23-A905F24A1988}.Debug|Any CPU.ActiveCfg = Debug|Any CPU
		{C110115C-7C20-476E-AE23-A905F24A1988}.Debug|Any CPU.Build.0 = Debug|Any CPU
		{C110115C-7C20-476E-AE23-A905F24A1988}.Release|Any CPU.ActiveCfg = Release|Any CPU
		{C110115C-7C20-476E-AE23-A905F24A1988}.Release|Any CPU.Build.0 = Release|Any CPU
		{E5CC4F8E-7E2A-4FBC-AAED-D88A5ED83ACC}.Debug|Any CPU.ActiveCfg = Debug|Any CPU
		{E5CC4F8E-7E2A-4FBC-AAED-D88A5ED83ACC}.Debug|Any CPU.Build.0 = Debug|Any CPU
		{E5CC4F8E-7E2A-4FBC-AAED-D88A5ED83ACC}.Release|Any CPU.ActiveCfg = Release|Any CPU
		{E5CC4F8E-7E2A-4FBC-AAED-D88A5ED83ACC}.Release|Any CPU.Build.0 = Release|Any CPU
		{46627FA0-5D97-4AED-BCAD-B47C4F6C262B}.Debug|Any CPU.ActiveCfg = Debug|Any CPU
		{46627FA0-5D97-4AED-BCAD-B47C4F6C262B}.Debug|Any CPU.Build.0 = Debug|Any CPU
		{46627FA0-5D97-4AED-BCAD-B47C4F6C262B}.Release|Any CPU.ActiveCfg = Release|Any CPU
		{46627FA0-5D97-4AED-BCAD-B47C4F6C262B}.Release|Any CPU.Build.0 = Release|Any CPU
		{EFD5F475-4220-4688-ADDD-EBD3F4DD0E94}.Debug|Any CPU.ActiveCfg = Debug|Any CPU
		{EFD5F475-4220-4688-ADDD-EBD3F4DD0E94}.Debug|Any CPU.Build.0 = Debug|Any CPU
		{EFD5F475-4220-4688-ADDD-EBD3F4DD0E94}.Release|Any CPU.ActiveCfg = Release|Any CPU
		{EFD5F475-4220-4688-ADDD-EBD3F4DD0E94}.Release|Any CPU.Build.0 = Release|Any CPU
		{FFBB6C16-8BBC-4B52-A555-ADB728C9AD33}.Debug|Any CPU.ActiveCfg = Debug|Any CPU
		{FFBB6C16-8BBC-4B52-A555-ADB728C9AD33}.Debug|Any CPU.Build.0 = Debug|Any CPU
		{FFBB6C16-8BBC-4B52-A555-ADB728C9AD33}.Release|Any CPU.ActiveCfg = Release|Any CPU
		{FFBB6C16-8BBC-4B52-A555-ADB728C9AD33}.Release|Any CPU.Build.0 = Release|Any CPU
		{B3393BA0-F166-47C9-A40D-B554B174285F}.Debug|Any CPU.ActiveCfg = Debug|Any CPU
		{B3393BA0-F166-47C9-A40D-B554B174285F}.Debug|Any CPU.Build.0 = Debug|Any CPU
		{B3393BA0-F166-47C9-A40D-B554B174285F}.Release|Any CPU.ActiveCfg = Release|Any CPU
		{B3393BA0-F166-47C9-A40D-B554B174285F}.Release|Any CPU.Build.0 = Release|Any CPU
		{DABD0C60-E061-4A2A-9E29-952683297F98}.Debug|Any CPU.ActiveCfg = Debug|Any CPU
		{DABD0C60-E061-4A2A-9E29-952683297F98}.Debug|Any CPU.Build.0 = Debug|Any CPU
		{DABD0C60-E061-4A2A-9E29-952683297F98}.Release|Any CPU.ActiveCfg = Release|Any CPU
		{DABD0C60-E061-4A2A-9E29-952683297F98}.Release|Any CPU.Build.0 = Release|Any CPU
		{B3F3AB9F-F00A-4DE0-900A-7F84331886EB}.Debug|Any CPU.ActiveCfg = Debug|Any CPU
		{B3F3AB9F-F00A-4DE0-900A-7F84331886EB}.Debug|Any CPU.Build.0 = Debug|Any CPU
		{B3F3AB9F-F00A-4DE0-900A-7F84331886EB}.Release|Any CPU.ActiveCfg = Release|Any CPU
		{B3F3AB9F-F00A-4DE0-900A-7F84331886EB}.Release|Any CPU.Build.0 = Release|Any CPU
	EndGlobalSection
	GlobalSection(SolutionProperties) = preSolution
		HideSolutionNode = FALSE
	EndGlobalSection
	GlobalSection(NestedProjects) = preSolution
		{C3049872-E093-43F2-99FF-28834CAC2C2C} = {E0E66CCD-D92C-4686-A177-42A2D4BB4F95}
		{F5227FFD-2E65-45B3-97F6-FBD78A6A608A} = {5FD83EB2-55BB-47AB-85E0-A4E58FF79C3C}
		{CE8C975D-99CC-4318-925C-8CB131B08A22} = {0C802A08-F7D1-4632-86F7-DEEA7E6FF191}
		{53B0DF6E-6D93-4B07-B7F7-90110BC7ACE5} = {5FD83EB2-55BB-47AB-85E0-A4E58FF79C3C}
		{9C61A24B-AC8D-4395-8AC1-2145BDC3F9FB} = {30168C46-C16F-4F63-A44D-FAE16817B377}
		{AA8CA822-6B35-42AB-82AC-9113DE8E4AA1} = {30168C46-C16F-4F63-A44D-FAE16817B377}
		{9B866C52-98BD-46F7-B902-34FB25C114AB} = {30168C46-C16F-4F63-A44D-FAE16817B377}
		{C713E8FC-21A5-4134-B715-2B5BD2FC73EC} = {5FD83EB2-55BB-47AB-85E0-A4E58FF79C3C}
		{9075BBC4-D181-4057-866A-2C6800545765} = {5FD83EB2-55BB-47AB-85E0-A4E58FF79C3C}
		{33469DAC-426F-4AE8-8C15-4A3956C28D62} = {E0E66CCD-D92C-4686-A177-42A2D4BB4F95}
		{3705F216-AC4A-4DF4-96CF-4398BDDE5D5F} = {E0E66CCD-D92C-4686-A177-42A2D4BB4F95}
		{C110115C-7C20-476E-AE23-A905F24A1988} = {E0E66CCD-D92C-4686-A177-42A2D4BB4F95}
		{E5CC4F8E-7E2A-4FBC-AAED-D88A5ED83ACC} = {5FD83EB2-55BB-47AB-85E0-A4E58FF79C3C}
		{46627FA0-5D97-4AED-BCAD-B47C4F6C262B} = {5FD83EB2-55BB-47AB-85E0-A4E58FF79C3C}
		{EFD5F475-4220-4688-ADDD-EBD3F4DD0E94} = {5FD83EB2-55BB-47AB-85E0-A4E58FF79C3C}
		{FFBB6C16-8BBC-4B52-A555-ADB728C9AD33} = {5FD83EB2-55BB-47AB-85E0-A4E58FF79C3C}
		{B3393BA0-F166-47C9-A40D-B554B174285F} = {5FD83EB2-55BB-47AB-85E0-A4E58FF79C3C}
		{DABD0C60-E061-4A2A-9E29-952683297F98} = {5FD83EB2-55BB-47AB-85E0-A4E58FF79C3C}
		{B3F3AB9F-F00A-4DE0-900A-7F84331886EB} = {5FD83EB2-55BB-47AB-85E0-A4E58FF79C3C}
	EndGlobalSection
	GlobalSection(ExtensibilityGlobals) = postSolution
		SolutionGuid = {8A5B21B2-A3F3-412A-9686-D3BF49C242F1}
	EndGlobalSection
EndGlobal
